
Microsoft Visual Studio Solution File, Format Version 12.00
# Visual Studio Version 16
VisualStudioVersion = 16.0.30204.135
MinimumVisualStudioVersion = 10.0.40219.1
Project("{FAE04EC0-301F-11D3-BF4B-00C04F79EFBC}") = "RozetkaParser", "RozetkaParser\RozetkaParser.csproj", "{019F19AE-FBC4-4A38-BD52-1158A8538D70}"
EndProject
Project("{FAE04EC0-301F-11D3-BF4B-00C04F79EFBC}") = "ParseLib", "ParseLib\ParseLib.csproj", "{2B04D4E6-3775-4DF6-A1DE-2C892FC35EA1}"
EndProject
Global
	GlobalSection(SolutionConfigurationPlatforms) = preSolution
		Debug|Any CPU = Debug|Any CPU
		Release|Any CPU = Release|Any CPU
	EndGlobalSection
	GlobalSection(ProjectConfigurationPlatforms) = postSolution
		{019F19AE-FBC4-4A38-BD52-1158A8538D70}.Debug|Any CPU.ActiveCfg = Debug|Any CPU
		{019F19AE-FBC4-4A38-BD52-1158A8538D70}.Debug|Any CPU.Build.0 = Debug|Any CPU
		{019F19AE-FBC4-4A38-BD52-1158A8538D70}.Release|Any CPU.ActiveCfg = Release|Any CPU
		{019F19AE-FBC4-4A38-BD52-1158A8538D70}.Release|Any CPU.Build.0 = Release|Any CPU
		{2B04D4E6-3775-4DF6-A1DE-2C892FC35EA1}.Debug|Any CPU.ActiveCfg = Debug|Any CPU
		{2B04D4E6-3775-4DF6-A1DE-2C892FC35EA1}.Debug|Any CPU.Build.0 = Debug|Any CPU
		{2B04D4E6-3775-4DF6-A1DE-2C892FC35EA1}.Release|Any CPU.ActiveCfg = Release|Any CPU
		{2B04D4E6-3775-4DF6-A1DE-2C892FC35EA1}.Release|Any CPU.Build.0 = Release|Any CPU
	EndGlobalSection
	GlobalSection(SolutionProperties) = preSolution
		HideSolutionNode = FALSE
	EndGlobalSection
	GlobalSection(ExtensibilityGlobals) = postSolution
		SolutionGuid = {56373490-20A5-4F57-862E-97FCBF6C03F6}
	EndGlobalSection
EndGlobal
